
Microsoft Visual Studio Solution File, Format Version 12.00
# Visual Studio Version 16
VisualStudioVersion = 25.0.1704.3
MinimumVisualStudioVersion = 10.0.40219.1
Project("{FAE04EC0-301F-11D3-BF4B-00C04F79EFBC}") = "Consodle", "Consodle.csproj", "{A07D7772-4446-4261-8989-832336D7F420}"
EndProject
Global
	GlobalSection(SolutionConfigurationPlatforms) = preSolution
		Debug|Any CPU = Debug|Any CPU
		Release|Any CPU = Release|Any CPU
	EndGlobalSection
	GlobalSection(ProjectConfigurationPlatforms) = postSolution
		{A07D7772-4446-4261-8989-832336D7F420}.Debug|Any CPU.ActiveCfg = Debug|Any CPU
		{A07D7772-4446-4261-8989-832336D7F420}.Debug|Any CPU.Build.0 = Debug|Any CPU
		{A07D7772-4446-4261-8989-832336D7F420}.Release|Any CPU.ActiveCfg = Release|Any CPU
		{A07D7772-4446-4261-8989-832336D7F420}.Release|Any CPU.Build.0 = Release|Any CPU
	EndGlobalSection
	GlobalSection(SolutionProperties) = preSolution
		HideSolutionNode = FALSE
	EndGlobalSection
	GlobalSection(ExtensibilityGlobals) = postSolution
		SolutionGuid = {343D30B2-477D-48CA-9F07-50DBC44DB76F}
	EndGlobalSection
EndGlobal
